
Microsoft Visual Studio Solution File, Format Version 12.00
# Visual Studio 14
VisualStudioVersion = 14.0.24720.0
MinimumVisualStudioVersion = 10.0.40219.1
Project("{8BC9CEB8-8B4A-11D0-8D11-00A0C91BC942}") = "CameraServer", "CameraServer\CameraServer.vcxproj", "{C7FDEB76-D8EC-4C04-BD16-F1DABBC18C5F}"
EndProject
Project("{8BC9CEB8-8B4A-11D0-8D11-00A0C91BC942}") = "VisionClient", "VisionClient\VisionClient.vcxproj", "{5B51BD46-D57B-4617-8F9B-BFB5651CE50D}"
EndProject
Project("{8BC9CEB8-8B4A-11D0-8D11-00A0C91BC942}") = "UserRegister", "UserRegister\UserRegister.vcxproj", "{D322B664-3F9E-4FC9-A26D-C4B726EBF968}"
EndProject
Project("{8BC9CEB8-8B4A-11D0-8D11-00A0C91BC942}") = "GetRegisterInfo", "GetRegisterInfo\GetRegisterInfo.vcxproj", "{88C73448-690D-4338-AFF8-5292B250D9BE}"
EndProject
Project("{8BC9CEB8-8B4A-11D0-8D11-00A0C91BC942}") = "SoftwareRegister", "SoftwareRegister\SoftwareRegister.vcxproj", "{6D8F2562-4EDD-4366-A8E6-80E119662E2A}"
EndProject
Project("{8BC9CEB8-8B4A-11D0-8D11-00A0C91BC942}") = "CameraManager", "CameraManager\CameraManager.vcxproj", "{832ED873-1548-4CCB-9697-84B9A118A225}"
EndProject
Project("{8BC9CEB8-8B4A-11D0-8D11-00A0C91BC942}") = "DatabaseManager", "DatabaseManager\DatabaseManager.vcxproj", "{C3A37BFD-F137-4EC0-87EE-0B818324C241}"
EndProject
Global
	GlobalSection(SolutionConfigurationPlatforms) = preSolution
		Debug|x64 = Debug|x64
		Debug|x86 = Debug|x86
		Release|x64 = Release|x64
		Release|x86 = Release|x86
	EndGlobalSection
	GlobalSection(ProjectConfigurationPlatforms) = postSolution
		{C7FDEB76-D8EC-4C04-BD16-F1DABBC18C5F}.Debug|x64.ActiveCfg = Debug|x64
		{C7FDEB76-D8EC-4C04-BD16-F1DABBC18C5F}.Debug|x64.Build.0 = Debug|x64
		{C7FDEB76-D8EC-4C04-BD16-F1DABBC18C5F}.Debug|x86.ActiveCfg = Debug|Win32
		{C7FDEB76-D8EC-4C04-BD16-F1DABBC18C5F}.Debug|x86.Build.0 = Debug|Win32
		{C7FDEB76-D8EC-4C04-BD16-F1DABBC18C5F}.Release|x64.ActiveCfg = Release|x64
		{C7FDEB76-D8EC-4C04-BD16-F1DABBC18C5F}.Release|x64.Build.0 = Release|x64
		{C7FDEB76-D8EC-4C04-BD16-F1DABBC18C5F}.Release|x86.ActiveCfg = Release|Win32
		{C7FDEB76-D8EC-4C04-BD16-F1DABBC18C5F}.Release|x86.Build.0 = Release|Win32
		{5B51BD46-D57B-4617-8F9B-BFB5651CE50D}.Debug|x64.ActiveCfg = Debug|x64
		{5B51BD46-D57B-4617-8F9B-BFB5651CE50D}.Debug|x64.Build.0 = Debug|x64
		{5B51BD46-D57B-4617-8F9B-BFB5651CE50D}.Debug|x86.ActiveCfg = Debug|Win32
		{5B51BD46-D57B-4617-8F9B-BFB5651CE50D}.Debug|x86.Build.0 = Debug|Win32
		{5B51BD46-D57B-4617-8F9B-BFB5651CE50D}.Release|x64.ActiveCfg = Release|x64
		{5B51BD46-D57B-4617-8F9B-BFB5651CE50D}.Release|x64.Build.0 = Release|x64
		{5B51BD46-D57B-4617-8F9B-BFB5651CE50D}.Release|x86.ActiveCfg = Release|Win32
		{5B51BD46-D57B-4617-8F9B-BFB5651CE50D}.Release|x86.Build.0 = Release|Win32
		{D322B664-3F9E-4FC9-A26D-C4B726EBF968}.Debug|x64.ActiveCfg = Debug|x64
		{D322B664-3F9E-4FC9-A26D-C4B726EBF968}.Debug|x64.Build.0 = Debug|x64
		{D322B664-3F9E-4FC9-A26D-C4B726EBF968}.Debug|x86.ActiveCfg = Debug|Win32
		{D322B664-3F9E-4FC9-A26D-C4B726EBF968}.Debug|x86.Build.0 = Debug|Win32
		{D322B664-3F9E-4FC9-A26D-C4B726EBF968}.Release|x64.ActiveCfg = Release|x64
		{D322B664-3F9E-4FC9-A26D-C4B726EBF968}.Release|x64.Build.0 = Release|x64
		{D322B664-3F9E-4FC9-A26D-C4B726EBF968}.Release|x86.ActiveCfg = Release|Win32
		{D322B664-3F9E-4FC9-A26D-C4B726EBF968}.Release|x86.Build.0 = Release|Win32
		{88C73448-690D-4338-AFF8-5292B250D9BE}.Debug|x64.ActiveCfg = Debug|x64
		{88C73448-690D-4338-AFF8-5292B250D9BE}.Debug|x64.Build.0 = Debug|x64
		{88C73448-690D-4338-AFF8-5292B250D9BE}.Debug|x86.ActiveCfg = Debug|Win32
		{88C73448-690D-4338-AFF8-5292B250D9BE}.Debug|x86.Build.0 = Debug|Win32
		{88C73448-690D-4338-AFF8-5292B250D9BE}.Release|x64.ActiveCfg = Release|x64
		{88C73448-690D-4338-AFF8-5292B250D9BE}.Release|x64.Build.0 = Release|x64
		{88C73448-690D-4338-AFF8-5292B250D9BE}.Release|x86.ActiveCfg = Release|Win32
		{88C73448-690D-4338-AFF8-5292B250D9BE}.Release|x86.Build.0 = Release|Win32
		{6D8F2562-4EDD-4366-A8E6-80E119662E2A}.Debug|x64.ActiveCfg = Debug|x64
		{6D8F2562-4EDD-4366-A8E6-80E119662E2A}.Debug|x64.Build.0 = Debug|x64
		{6D8F2562-4EDD-4366-A8E6-80E119662E2A}.Debug|x86.ActiveCfg = Debug|Win32
		{6D8F2562-4EDD-4366-A8E6-80E119662E2A}.Debug|x86.Build.0 = Debug|Win32
		{6D8F2562-4EDD-4366-A8E6-80E119662E2A}.Release|x64.ActiveCfg = Release|x64
		{6D8F2562-4EDD-4366-A8E6-80E119662E2A}.Release|x64.Build.0 = Release|x64
		{6D8F2562-4EDD-4366-A8E6-80E119662E2A}.Release|x86.ActiveCfg = Release|Win32
		{6D8F2562-4EDD-4366-A8E6-80E119662E2A}.Release|x86.Build.0 = Release|Win32
		{832ED873-1548-4CCB-9697-84B9A118A225}.Debug|x64.ActiveCfg = Debug|x64
		{832ED873-1548-4CCB-9697-84B9A118A225}.Debug|x64.Build.0 = Debug|x64
		{832ED873-1548-4CCB-9697-84B9A118A225}.Debug|x86.ActiveCfg = Debug|Win32
		{832ED873-1548-4CCB-9697-84B9A118A225}.Debug|x86.Build.0 = Debug|Win32
		{832ED873-1548-4CCB-9697-84B9A118A225}.Release|x64.ActiveCfg = Release|x64
		{832ED873-1548-4CCB-9697-84B9A118A225}.Release|x64.Build.0 = Release|x64
		{832ED873-1548-4CCB-9697-84B9A118A225}.Release|x86.ActiveCfg = Release|Win32
		{832ED873-1548-4CCB-9697-84B9A118A225}.Release|x86.Build.0 = Release|Win32
		{C3A37BFD-F137-4EC0-87EE-0B818324C241}.Debug|x64.ActiveCfg = Debug|x64
		{C3A37BFD-F137-4EC0-87EE-0B818324C241}.Debug|x64.Build.0 = Debug|x64
		{C3A37BFD-F137-4EC0-87EE-0B818324C241}.Debug|x86.ActiveCfg = Debug|Win32
		{C3A37BFD-F137-4EC0-87EE-0B818324C241}.Debug|x86.Build.0 = Debug|Win32
		{C3A37BFD-F137-4EC0-87EE-0B818324C241}.Release|x64.ActiveCfg = Release|x64
		{C3A37BFD-F137-4EC0-87EE-0B818324C241}.Release|x64.Build.0 = Release|x64
		{C3A37BFD-F137-4EC0-87EE-0B818324C241}.Release|x86.ActiveCfg = Release|Win32
		{C3A37BFD-F137-4EC0-87EE-0B818324C241}.Release|x86.Build.0 = Release|Win32
	EndGlobalSection
	GlobalSection(SolutionProperties) = preSolution
		HideSolutionNode = FALSE
	EndGlobalSection
EndGlobal
